
Microsoft Visual Studio Solution File, Format Version 12.00
# Visual Studio Version 17
VisualStudioVersion = 17.14.36717.8 d17.14
MinimumVisualStudioVersion = 10.0.40219.1
Project("{FAE04EC0-301F-11D3-BF4B-00C04F79EFBC}") = "InsureYouAI", "InsureYouAI\InsureYouAI.csproj", "{8DB3B7DE-735B-48FE-879D-46E24B5CA909}"
EndProject
Global
	GlobalSection(SolutionConfigurationPlatforms) = preSolution
		Debug|Any CPU = Debug|Any CPU
		Release|Any CPU = Release|Any CPU
	EndGlobalSection
	GlobalSection(ProjectConfigurationPlatforms) = postSolution
		{8DB3B7DE-735B-48FE-879D-46E24B5CA909}.Debug|Any CPU.ActiveCfg = Debug|Any CPU
		{8DB3B7DE-735B-48FE-879D-46E24B5CA909}.Debug|Any CPU.Build.0 = Debug|Any CPU
		{8DB3B7DE-735B-48FE-879D-46E24B5CA909}.Release|Any CPU.ActiveCfg = Release|Any CPU
		{8DB3B7DE-735B-48FE-879D-46E24B5CA909}.Release|Any CPU.Build.0 = Release|Any CPU
	EndGlobalSection
	GlobalSection(SolutionProperties) = preSolution
		HideSolutionNode = FALSE
	EndGlobalSection
	GlobalSection(ExtensibilityGlobals) = postSolution
		SolutionGuid = {CC8E0B06-04E5-4816-8986-13C7E8DEEA6B}
	EndGlobalSection
EndGlobal
